
Microsoft Visual Studio Solution File, Format Version 12.00
# Visual Studio Version 17
VisualStudioVersion = 17.5.33530.505
MinimumVisualStudioVersion = 10.0.40219.1
Project("{FAE04EC0-301F-11D3-BF4B-00C04F79EFBC}") = "ConsoleDay2", "ConsoleDay2\ConsoleDay2.csproj", "{983800AF-B87E-4529-9065-68B0F9B60628}"
EndProject
Global
	GlobalSection(SolutionConfigurationPlatforms) = preSolution
		Debug|Any CPU = Debug|Any CPU
		Release|Any CPU = Release|Any CPU
	EndGlobalSection
	GlobalSection(ProjectConfigurationPlatforms) = postSolution
		{983800AF-B87E-4529-9065-68B0F9B60628}.Debug|Any CPU.ActiveCfg = Debug|Any CPU
		{983800AF-B87E-4529-9065-68B0F9B60628}.Debug|Any CPU.Build.0 = Debug|Any CPU
		{983800AF-B87E-4529-9065-68B0F9B60628}.Release|Any CPU.ActiveCfg = Release|Any CPU
		{983800AF-B87E-4529-9065-68B0F9B60628}.Release|Any CPU.Build.0 = Release|Any CPU
	EndGlobalSection
	GlobalSection(SolutionProperties) = preSolution
		HideSolutionNode = FALSE
	EndGlobalSection
	GlobalSection(ExtensibilityGlobals) = postSolution
		SolutionGuid = {BA0167A3-DE6E-483A-9405-9453C5535F6E}
	EndGlobalSection
EndGlobal
